PODS:
  - AFNetworking (2.1.0):
    - AFNetworking/NSURLConnection
    - AFNetworking/NSURLSession
    - AFNetworking/Reachability
    - AFNetworking/Security
    - AFNetworking/Serialization
    - AFNetworking/UIKit
  - AFNetworking/NSURLConnection (2.1.0):
    - AFNetworking/Reachability
    - AFNetworking/Security
    - AFNetworking/Serialization
  - AFNetworking/NSURLSession (2.1.0):
    - AFNetworking/NSURLConnection
  - AFNetworking/Reachability (2.1.0)
  - AFNetworking/Security (2.1.0)
  - AFNetworking/Serialization (2.1.0)
  - AFNetworking/UIKit (2.1.0):
    - AFNetworking/NSURLConnection
  - AviarySDK (4.0.1)
  - BlocksKit/Core (2.2.2)
  - BlocksKit/DynamicDelegate (2.2.2)
  - BlocksKit/UIKit (2.2.2):
    - BlocksKit/Core
    - BlocksKit/DynamicDelegate
  - DAProgressOverlayView (1.0.2)
  - FlurrySDK (4.4.0):
    - FlurrySDK/FlurrySDK
  - FlurrySDK/FlurrySDK (4.4.0)
  - GCPlaceholderTextView (1.0.1)
  - Nimbus/Core (1.2.0)
  - Nimbus/WebController (1.2.0):
    - Nimbus/Core
  - NSDate+TimeAgo (1.0.2)
  - ReactiveCocoa (2.1.8):
    - ReactiveCocoa/Core
    - ReactiveCocoa/no-arc
  - ReactiveCocoa/Core (2.1.8):
    - ReactiveCocoa/no-arc
  - ReactiveCocoa/no-arc (2.1.8)
  - RMErrorRecoveryAttempter (0.0.1)
  - SVProgressHUD (1.0)
  - uservoice-iphone-sdk (3.0.3)

DEPENDENCIES:
  - AFNetworking (~> 2.1.0)
  - AviarySDK
  - BlocksKit/Core
  - BlocksKit/UIKit
  - DAProgressOverlayView
  - FlurrySDK
  - GCPlaceholderTextView
  - Nimbus/WebController
  - NSDate+TimeAgo (~> 1.0.2)
  - ReactiveCocoa (~> 2.1.8)
  - RMErrorRecoveryAttempter (~> 0.0.1)
  - SVProgressHUD
  - uservoice-iphone-sdk

SPEC CHECKSUMS:
  AFNetworking: c7d7901a83f631414c7eda1737261f696101a5cd
  AviarySDK: d6dc7371ae6ef6a6b06de5c9b7c50c26e61d5ad7
  BlocksKit: 125e4e69a62e3b85bacc5175737dae000b00b9fb
  DAProgressOverlayView: abfd16f70476496e34176eeb94b139fc5e6d5f6b
  FlurrySDK: 2cd8f2ce2383ca152c5d96fa34cb9ef29706feda
  GCPlaceholderTextView: 8f0e4cb4b93827c9ec8d9bf9e850bbd328d1db0b
  Nimbus: bbde56c7e845d3c38c1f484018ef1bb3259c0507
  NSDate+TimeAgo: fe93d3042e83093ae3630bc47ae7d57f782733f6
  ReactiveCocoa: 0db710a0afa1c627a64470e5c912a3870d4854ae
  RMErrorRecoveryAttempter: 6e71707a9c7c7b44adbf3585cf37054d38fcbed9
  SVProgressHUD: 5e10939a296debf5fe5a5895eda9539b8b2114f1
  uservoice-iphone-sdk: 547ef35f8db7ad9975cada6f39e39dc972d87c33

COCOAPODS: 0.32.1
