PODS:
  - AFNetworking (2.1.0):
    - AFNetworking/NSURLConnection
    - AFNetworking/NSURLSession
    - AFNetworking/Reachability
    - AFNetworking/Security
    - AFNetworking/Serialization
    - AFNetworking/UIKit
  - AFNetworking/NSURLConnection (2.1.0):
    - AFNetworking/Reachability
    - AFNetworking/Security
    - AFNetworking/Serialization
  - AFNetworking/NSURLSession (2.1.0):
    - AFNetworking/NSURLConnection
  - AFNetworking/Reachability (2.1.0)
  - AFNetworking/Security (2.1.0)
  - AFNetworking/Serialization (2.1.0)
  - AFNetworking/UIKit (2.1.0):
    - AFNetworking/NSURLConnection
  - AviarySDK (4.0.1)
  - BlocksKit/Core (2.2.2)
  - BlocksKit/DynamicDelegate (2.2.2)
  - BlocksKit/UIKit (2.2.2):
    - BlocksKit/Core
    - BlocksKit/DynamicDelegate
  - BorderButton (0.1.1)
  - DAProgressOverlayView (1.0.2)
  - FlurrySDK (4.4.0):
    - FlurrySDK/FlurrySDK
  - FlurrySDK/FlurrySDK (4.4.0)
  - GCPlaceholderTextView (1.0.1)
  - GoogleAnalytics-iOS-SDK (3.0.7)
  - Nimbus/Core (1.2.0)
  - Nimbus/WebController (1.2.0):
    - Nimbus/Core
  - NSDate+TimeAgo (1.0.2)
  - ReactiveCocoa (2.1.8):
    - ReactiveCocoa/Core
    - ReactiveCocoa/no-arc
  - ReactiveCocoa/Core (2.1.8):
    - ReactiveCocoa/no-arc
  - ReactiveCocoa/no-arc (2.1.8)
  - RMErrorRecoveryAttempter (0.0.1)
  - SVProgressHUD (1.0)
  - uservoice-iphone-sdk (3.0.3)

DEPENDENCIES:
  - AFNetworking (~> 2.1.0)
  - AviarySDK
  - BlocksKit/Core
  - BlocksKit/UIKit
  - BorderButton
  - DAProgressOverlayView
  - FlurrySDK
  - GCPlaceholderTextView
  - GoogleAnalytics-iOS-SDK
  - Nimbus/WebController
  - NSDate+TimeAgo (~> 1.0.2)
  - ReactiveCocoa (~> 2.1.8)
  - RMErrorRecoveryAttempter (~> 0.0.1)
  - SVProgressHUD
  - uservoice-iphone-sdk

SPEC CHECKSUMS:
  AFNetworking: 7c33510b46f994bc75b75c6e63c1d83414ca40f2
  AviarySDK: 3afdc76551f2f46cda2a20e15bb8c21ee48add04
  BlocksKit: 49fda17cbd628f3d6683f62de57edeaa315b386c
  BorderButton: e85f77c49b417588b2919f5ec3006b055f8c67a5
  DAProgressOverlayView: 66f743e4bbbb0b5fe241670b9156d948cc228fc1
  FlurrySDK: abaedafc350afa41b004236b67ae14f7d3748b68
  GCPlaceholderTextView: d48f3558c8d71daaae65679275075592ca13e1c8
  GoogleAnalytics-iOS-SDK: bb285d8eef15a682f1b82971becd0d22edd0e53b
  Nimbus: 14fd6f034c5f53d3dccef6cfd5763959497289a9
  NSDate+TimeAgo: c01d6ac0b81add41f77f264fa4276d355723fcde
  ReactiveCocoa: 399d3ad0c8ac73d79bed5bcd076a04f46ec635fc
  RMErrorRecoveryAttempter: 6d470332bb4441d9c2c52c2c2f06ff7f0c2b287f
  SVProgressHUD: 5034c6e22b8c2ca3e09402e48d41ed0340aa1c50
  uservoice-iphone-sdk: 23f1d1e5a4ce279165de746436d044a4d1f3da26

COCOAPODS: 0.33.1
